
Microsoft Visual Studio Solution File, Format Version 12.00
# Visual Studio 14
VisualStudioVersion = 14.0.25420.1
MinimumVisualStudioVersion = 10.0.40219.1
Project("{FAE04EC0-301F-11D3-BF4B-00C04F79EFBC}") = "SergeDev.Language.Syntax", "SergeDev.Language\SergeDev.Language.Syntax.csproj", "{98B9EA51-643A-4602-8CDE-14B51C99A349}"
EndProject
Project("{FAE04EC0-301F-11D3-BF4B-00C04F79EFBC}") = "SergeDev.Language.Core", "Contracts\SergeDev.Language.Core.csproj", "{FC3383BE-DC73-4FDE-B6FC-16D0FD8B1376}"
EndProject
Project("{FAE04EC0-301F-11D3-BF4B-00C04F79EFBC}") = "SergeDev.Language.Framework", "SergeDev.Language.Framework\SergeDev.Language.Framework.csproj", "{C09C59AA-ACCB-4D2B-B00F-8FF9D6A41F2E}"
EndProject
Project("{FAE04EC0-301F-11D3-BF4B-00C04F79EFBC}") = "SergeDev.Language.Test", "SergeDev.Language.Test\SergeDev.Language.Test.csproj", "{F31C5EA0-8567-48D8-A77B-433B8F87B4C3}"
EndProject
Project("{FAE04EC0-301F-11D3-BF4B-00C04F79EFBC}") = "SergeDev.Language.Regex", "SergeDev.Language.Regex\SergeDev.Language.Regex.csproj", "{80D1C440-647B-4613-ACAE-C1BEFAA35FCF}"
EndProject
Global
	GlobalSection(SolutionConfigurationPlatforms) = preSolution
		Debug|Any CPU = Debug|Any CPU
		Release|Any CPU = Release|Any CPU
	EndGlobalSection
	GlobalSection(ProjectConfigurationPlatforms) = postSolution
		{98B9EA51-643A-4602-8CDE-14B51C99A349}.Debug|Any CPU.ActiveCfg = Debug|Any CPU
		{98B9EA51-643A-4602-8CDE-14B51C99A349}.Debug|Any CPU.Build.0 = Debug|Any CPU
		{98B9EA51-643A-4602-8CDE-14B51C99A349}.Release|Any CPU.ActiveCfg = Release|Any CPU
		{98B9EA51-643A-4602-8CDE-14B51C99A349}.Release|Any CPU.Build.0 = Release|Any CPU
		{FC3383BE-DC73-4FDE-B6FC-16D0FD8B1376}.Debug|Any CPU.ActiveCfg = Debug|Any CPU
		{FC3383BE-DC73-4FDE-B6FC-16D0FD8B1376}.Debug|Any CPU.Build.0 = Debug|Any CPU
		{FC3383BE-DC73-4FDE-B6FC-16D0FD8B1376}.Release|Any CPU.ActiveCfg = Release|Any CPU
		{FC3383BE-DC73-4FDE-B6FC-16D0FD8B1376}.Release|Any CPU.Build.0 = Release|Any CPU
		{C09C59AA-ACCB-4D2B-B00F-8FF9D6A41F2E}.Debug|Any CPU.ActiveCfg = Debug|Any CPU
		{C09C59AA-ACCB-4D2B-B00F-8FF9D6A41F2E}.Debug|Any CPU.Build.0 = Debug|Any CPU
		{C09C59AA-ACCB-4D2B-B00F-8FF9D6A41F2E}.Release|Any CPU.ActiveCfg = Release|Any CPU
		{C09C59AA-ACCB-4D2B-B00F-8FF9D6A41F2E}.Release|Any CPU.Build.0 = Release|Any CPU
		{F31C5EA0-8567-48D8-A77B-433B8F87B4C3}.Debug|Any CPU.ActiveCfg = Debug|Any CPU
		{F31C5EA0-8567-48D8-A77B-433B8F87B4C3}.Debug|Any CPU.Build.0 = Debug|Any CPU
		{F31C5EA0-8567-48D8-A77B-433B8F87B4C3}.Release|Any CPU.ActiveCfg = Release|Any CPU
		{F31C5EA0-8567-48D8-A77B-433B8F87B4C3}.Release|Any CPU.Build.0 = Release|Any CPU
		{80D1C440-647B-4613-ACAE-C1BEFAA35FCF}.Debug|Any CPU.ActiveCfg = Debug|Any CPU
		{80D1C440-647B-4613-ACAE-C1BEFAA35FCF}.Debug|Any CPU.Build.0 = Debug|Any CPU
		{80D1C440-647B-4613-ACAE-C1BEFAA35FCF}.Release|Any CPU.ActiveCfg = Release|Any CPU
		{80D1C440-647B-4613-ACAE-C1BEFAA35FCF}.Release|Any CPU.Build.0 = Release|Any CPU
	EndGlobalSection
	GlobalSection(SolutionProperties) = preSolution
		HideSolutionNode = FALSE
	EndGlobalSection
EndGlobal
